# THIS IS AN AUTOGENERATED FILE. DO NOT EDIT THIS FILE DIRECTLY.
# yarn lockfile v1


cdk-create-ami@^0.0.116:
  version "0.0.116"
  resolved "https://registry.yarnpkg.com/cdk-create-ami/-/cdk-create-ami-0.0.116.tgz#ff6b981fb4940f804f6b53f77a38362ff81da50a"
  integrity sha512-5MKlgH3FF67H7NJ8ePAVD/haStLDVEf8K41qY1GPEixtSqg3KJ832GVRCVU8SndUx/46ll8Kw9QCxNGgeKezsQ==
